{
  "name": "vidkit-silence-remover",
  "version": "0.1.0",
  "lockfileVersion": 3,
  "requires": true,
  "packages": {
    "": {
      "name": "vidkit-silence-remover",
      "version": "0.1.0",
      "dependencies": {
        "next": "15.3.4",
        "react": "^19.0.0",
        "react-dom": "^19.0.0"
      },
      "devDependencies": {
        "@eslint/eslintrc": "^3",
        "@tailwindcss/postcss": "^4",
        "@types/node": "^20",
        "@types/react": "^19",
        "@types/react-dom": "^19",
        "eslint": "^9",
        "eslint-config-next": "15.3.4",
        "tailwindcss": "^4",
        "typescript": "^5"
      }
    },
    "node_modules/@alloc/quick-lru": {
      "version": "5.2.0",
      "resolved": "https://registry.npmjs.org/@alloc/quick-lru/-/quick-lru-5.2.0.tgz",
      "integrity": "sha512-UrcABB+4bUrFABwbluTIBErXwvbsU/V7TZWfmbgJfbkwiBuziS9gxdODUyuiecfdGQ85jglMW6juS3+z5TsKLw==",
      "dev": true,
      "license": "MIT",
      "engines": {
        "node": ">=10"
      },
      "funding": {
        "url": "https://github.com/sponsors/sindresorhus"
      }
    },
    "node_modules/@ampproject/remapping": {
      "version": "2.3.0",
      "resolved": "https://registry.npmjs.org/@ampproject/remapping/-/remapping-2.3.0.tgz",
      "integrity": "sha512-30iZtAPgz+LTIYoeivqYo853f02jBYSd5uGnGpkFV0M3xOt9aN73erkgYAmZU43x4VfqcnLxW9Kpg3R5LC4YYw==",
      "dev": true,
      "license": "Apache-2.0",
      "dependencies": {
        "@jridgewell/gen-mapping": "^0.3.5",
        "@jridgewell/trace-mapping": "^0.3.24"
      },
      "engines": {
        "node": ">=6.0.0"
      }
    },
    "node_modules/@emnapi/core": {
      "version": "1.4.3",
      "resolved": "https://registry.npmjs.org/@emnapi/core/-/core-1.4.3.tgz",
      "integrity": "sha512-4m62DuCE07lw01soJwPiBGC0nAww0Q+RY70VZ+n49yDIO13yyinhbWCeNnaob0lakDtWQzSdtNWzJeOJt2ma+g==",
      "dev": true,
      "license": "MIT",
      "optional": true,
      "dependencies": {
        "@emnapi/wasi-threads": "1.0.2",
        "tslib": "^2.4.0"
      }
    },
    "node_modules/@emnapi/runtime": {
      "version": "1.4.3",
      "resolved": "https://registry.npmjs.org/@emnapi/runtime/-/runtime-1.4.3.tgz",
      "integrity": "sha512-pBPWdu6MLKROBX05wSNKcNb++m5Er+KQ9QkB+WVM+pW2Kx9hoSrVTnu3BdkI5eBLZoKu/J6mW/B6i6bJB2ytXQ==",
      "license": "MIT",
      "optional": true,
      "dependencies": {
        "tslib": "^2.4.0"
      }
    },
    "node_modules/@emnapi/wasi-threads": {
      "version": "1.0.2",
      "resolved": "https://registry.npmjs.org/@emnapi/wasi-threads/-/wasi-threads-1.0.2.tgz",
      "integrity": "sha512-5n3nTJblwRi8LlXkJ9eBzu+kZR8Yxcc7ubakyQTFzPMtIhFpUBRbsnc2Dv88IZDIbCDlBiWrknhB4Lsz7mg6BA==",
      "dev": true,
      "license": "MIT",
      "optional": true,
      "dependencies": {
        "tslib": "^2.4.0"
      }
    },
    "node_modules/@eslint-community/eslint-utils": {
      "version": "4.7.0",
      "resolved": "https://registry.npmjs.org/@eslint-community/eslint-utils/-/eslint-utils-4.7.0.tgz",
      "integrity": "sha512-dyybb3AcajC7uha6CvhdVRJqaKyn7w2YKqKyAN37NKYgZT36w+iRb0Dymmc5qEJ549c/S31cMMSFd75bteCpCw==",
      "dev": true,
      "license": "MIT",
      "dependencies": {
        "eslint-visitor-keys": "^3.4.3"
      },
      "engines": {
        "node": "^12.22.0 || ^14.17.0 || >=16.0.0"
      },
      "funding": {
        "url": "https://opencollective.com/eslint"
      },
      "peerDependencies": {
        "eslint": "^6.0.0 || ^7.0.0 || >=8.0.0"
      }
    },
    "node_modules/@eslint-community/eslint-utils/node_modules/eslint-visitor-keys": {
      "version": "3.4.3",
      "resolved": "https://registry.npmjs.org/eslint-visitor-keys/-/eslint-visitor-keys-3.4.3.tgz",
      "integrity": "sha512-wpc+LXeiyiisxPlEkUzU6svyS1frIO3Mgxj1fdy7Pm8Ygzguax2N3Fa/D/ag1WqbOprdI+uY6wMUl8/a2G+iag==",
      "dev": true,
      "license": "Apache-2.0",
      "engines": {
        "node": "^12.22.0 || ^14.17.0 || >=16.0.0"
      },
      "funding": {
        "url": "https://opencollective.com/eslint"
      }
    },
    "node_modules/@eslint-community/regexpp": {
      "version": "4.12.1",
      "resolved": "https://registry.npmjs.org/@eslint-community/regexpp/-/regexpp-4.12.1.tgz",
      "integrity": "sha512-CCZCDJuduB9OUkFkY2IgppNZMi2lBQgD2qzwXkEia16cge2pijY/aXi96CJMquDMn3nJdlPV1A5KrJEXwfLNzQ==",
      "dev": true,
      "license": "MIT",
      "engines": {
        "node": "^12.0.0 || ^14.0.0 || >=16.0.0"
      }
    },
    "node_modules/@eslint/config-array": {
      "version": "0.20.1",
      "resolved": "https://registry.npmjs.org/@eslint/config-array/-/config-array-0.20.1.tgz",
      "integrity": "sha512-OL0RJzC/CBzli0DrrR31qzj6d6i6Mm3HByuhflhl4LOBiWxN+3i6/t/ZQQNii4tjksXi8r2CRW1wMpWA2ULUEw==",
      "dev": true,
      "license": "Apache-2.0",
      "dependencies": {
        "@eslint/object-schema": "^2.1.6",
        "debug": "^4.3.1",
        "minimatch": "^3.1.2"
      },
      "engines": {
        "node": "^18.18.0 || ^20.9.0 || >=21.1.0"
      }
    },
    "node_modules/@eslint/config-helpers": {
      "version": "0.2.3",
      "resolved": "https://registry.npmjs.org/@eslint/config-helpers/-/config-helpers-0.2.3.tgz",
      "integrity": "sha512-u180qk2Um1le4yf0ruXH3PYFeEZeYC3p/4wCTKrr2U1CmGdzGi3KtY0nuPDH48UJxlKCC5RDzbcbh4X0XlqgHg==",
      "dev": true,
      "license": "Apache-2.0",
      "engines": {
        "node": "^18.18.0 || ^20.9.0 || >=21.1.0"
      }
    },
    "node_modules/@eslint/core": {
      "version": "0.14.0",
      "resolved": "https://registry.npmjs.org/@eslint/core/-/core-0.14.0.tgz",
      "integrity": "sha512-qIbV0/JZr7iSDjqAc60IqbLdsj9GDt16xQtWD+B78d/HAlvysGdZZ6rpJHGAc2T0FQx1X6thsSPdnoiGKdNtdg==",
      "dev": true,
      "license": "Apache-2.0",
      "dependencies": {
        "@types/json-schema": "^7.0.15"
      },
      "engines": {
        "node": "^18.18.0 || ^20.9.0 || >=21.1.0"
      }
    },
    "node_modules/@eslint/eslintrc": {
      "version": "3.3.1",
      "resolved": "https://registry.npmjs.org/@eslint/eslintrc/-/eslintrc-3.3.1.tgz",
      "integrity": "sha512-gtF186CXhIl1p4pJNGZw8Yc6RlshoePRvE0X91oPGb3vZ8pM3qOS9W9NGPat9LziaBV7XrJWGylNQXkGcnM3IQ==",
      "dev": true,
      "license": "MIT",
      "dependencies": {
        "ajv": "^6.12.4",
        "debug": "^4.3.2",
        "espree": "^10.0.1",
        "globals": "^14.0.0",
        "ignore": "^5.2.0",
        "import-fresh": "^3.2.1",
        "js-yaml": "^4.1.0",
        "minimatch": "^3.1.2",
        "strip-json-comments": "^3.1.1"
      },
      "engines": {
        "node": "^18.18.0 || ^20.9.0 || >=21.1.0"
      },
      "funding": {
        "url": "https://opencollective.com/eslint"
      }
    },
    "node_modules/@eslint/js": {
      "version": "9.29.0",
      "resolved": "https://registry.npmjs.org/@eslint/js/-/js-9.29.0.tgz",
      "integrity": "sha512-3PIF4cBw/y+1u2EazflInpV+lYsSG0aByVIQzAgb1m1MhHFSbqTyNqtBKHgWf/9Ykud+DhILS9EGkmekVhbKoQ==",
      "dev": true,
      "license": "MIT",
      "engines": {
        "node": "^18.18.0 || ^20.9.0 || >=21.1.0"
      },
      "funding": {
        "url": "https://eslint.org/donate"
      }
    },
    "node_modules/@eslint/object-schema": {
      "version": "2.1.6",
      "resolved": "https://registry.npmjs.org/@eslint/object-schema/-/object-schema-2.1.6.tgz",
      "integrity": "sha512-RBMg5FRL0I0gs51M/guSAj5/e14VQ4tpZnQNWwuDT66P14I43ItmPfIZRhO9fUVIPOAQXU47atlywZ/czoqFPA==",
      "dev": true,
      "license": "Apache-2.0",
      "engines": {
        "node": "^18.18.0 || ^20.9.0 || >=21.1.0"
      }
    },
    "node_modules/@eslint/plugin-kit": {
      "version": "0.3.2",
      "resolved": "https://registry.npmjs.org/@eslint/plugin-kit/-/plugin-kit-0.3.2.tgz",
      "integrity": "sha512-4SaFZCNfJqvk/kenHpI8xvN42DMaoycy4PzKc5otHxRswww1kAt82OlBuwRVLofCACCTZEcla2Ydxv8scMXaTg==",
      "dev": true,
      "license": "Apache-2.0",
      "dependencies": {
        "@eslint/core": "^0.15.0",
        "levn": "^0.4.1"
      },
      "engines": {
        "node": "^18.18.0 || ^20.9.0 || >=21.1.0"
      }
    },
    "node_modules/@eslint/plugin-kit/node_modules/@eslint/core": {
      "version": "0.15.0",
      "resolved": "https://registry.npmjs.org/@eslint/core/-/core-0.15.0.tgz",
      "integrity": "sha512-b7ePw78tEWWkpgZCDYkbqDOP8dmM6qe+AOC6iuJqlq1R/0ahMAeH3qynpnqKFGkMltrp44ohV4ubGyvLX28tzw==",
      "dev": true,
      "license": "Apache-2.0",
      "dependencies": {
        "@types/json-schema": "^7.0.15"
      },
      "engines": {
        "node": "^18.18.0 || ^20.9.0 || >=21.1.0"
      }
    },
    "node_modules/@humanfs/core": {
      "version": "0.19.1",
      "resolved": "https://registry.npmjs.org/@humanfs/core/-/core-0.19.1.tgz",
      "integrity": "sha512-5DyQ4+1JEUzejeK1JGICcideyfUbGixgS9jNgex5nqkW+cY7WZhxBigmieN5Qnw9ZosSNVC9KQKyb+GUaGyKUA==",
      "dev": true,
      "license": "Apache-2.0",
      "engines": {
        "node": ">=18.18.0"
      }
    },
    "node_modules/@jridgewell/gen-mapping": {
      "version": "0.3.6",
      "resolved": "https://registry.npmjs.org/@jridgewell/gen-mapping/-/gen-mapping-0.3.6.tgz",
      "integrity": "sha512-n4wKGuoG32iA5487LPbGB3y6iP30/M4gI5hQDUY++W1yBwzU0+tP+bIMb3G2iW/hL5x3S+2N5/D/HynjP+6/A==",
      "dev": true,
      "license": "MIT",
      "dependencies": {
        "@jridgewell/set-array": "^1.2.1",
        "@jridgewell/sourcemap-codec": "^1.4.15",
        "@jridgewell/trace-mapping": "^0.3.24"
      },
      "engines": {
        "node": ">=6.0.0"
      }
    },
    "node_modules/@jridgewell/resolve-uri": {
      "version": "3.1.2",
      "resolved": "https://registry.npmjs.org/@jridgewell/resolve-uri/-/resolve-uri-3.1.2.tgz",
      "integrity": "sha512-aB/dLh2k3D23f8/A5dwh5pLqcxKTIWfEwTr/iFj8a7kR6i+vPqg70lV3nZdXupk8dD//4Iedx3y/e+oM92P3wA==",
      "dev": true,
      "license": "MIT",
      "engines": {
        "node": ">=6.0.0"
      }
    },
    "node_modules/@jridgewell/set-array": {
      "version": "1.2.1",
      "resolved": "https://registry.npmjs.org/@jridgewell/set-array/-/set-array-1.2.1.tgz",
      "integrity": "sha512-peL3FlY+cK4s2L7cZx4i+DRTna+3JdJ/6fH0q4bnh5h26iY2nI6rXnRLs2Y1A2sYxBAH2sPcP454/P1N5vSDA==",
      "dev": true,
      "license": "MIT",
      "engines": {
        "node": ">=6.0.0"
      }
    },
    "node_modules/@jridgewell/sourcemap-codec": {
      "version": "1.4.15",
      "resolved": "https://registry.npmjs.org/@jridgewell/sourcemap-codec/-/sourcemap-codec-1.4.15.tgz",
      "integrity": "sha512-eF2rxCRulEKXHTRiDrDy6erMYDqNw4vOftL/2wPibVp4fW3aeXG4L6c/6s1i4JnQ2K/vR/vP4K0/e_gQ3vOAxQ==",
      "dev": true,
      "license": "MIT"
    },
    "node_modules/@jridgewell/trace-mapping": {
      "version": "0.3.25",
      "resolved": "https://registry.npmjs.org/@jridgewell/trace-mapping/-/trace-mapping-0.3.25.tgz",
      "integrity": "sha512-vNk6aEwyGfW602a2y1h7t12n19a1jIC6LA/n26iIq1J3i2tKjcpJGed0qG2tZBSj1Yv1n2jD2y2sRrwk8s1qCw==",
      "dev": true,
      "license": "MIT",
      "dependencies": {
        "@jridgewell/resolve-uri": "^3.1.2",
        "@jridgewell/sourcemap-codec": "^1.4.15"
      }
    },
    "node_modules/@next/eslint-plugin-next": {
      "version": "15.3.4",
      "resolved": "https://registry.npmjs.org/@next/eslint-plugin-next/-/eslint-plugin-next-15.3.4.tgz",
      "integrity": "sha512-s/b5FzF6o5tW+FkY+h9h+jQO6u0+8G0gO1d4z9l5a2j1j5a0g5h1c5j5z6j8o4u7e3f8q9n5a6a6a4a==",
      "dev": true,
      "license": "MIT",
      "dependencies": {
        "@next/eslint-plugin-next-private": "15.3.4",
        "@vercel/style-guide": "6.0.0",
        "next": "15.3.4",
        "picomatch": "^2.3.1",
        "postcss": "^8.4.45",
        "postcss-selector-parser": "^6.0.16",
        "resolve": "^1.22.8",
        "typescript": ">=3.3.1"
      },
      "peerDependencies": {
        "eslint": "^7.23.0 || ^8.0.0"
      },
      "peerDependenciesMeta": {
        "@typescript-eslint/parser": {
          "optional": true
        },
        "eslint": {
          "optional": true
        },
        "typescript": {
          "optional": true
        }
      }
    },
    "node_modules/@next/eslint-plugin-next-private": {
      "version": "15.3.4",
      "resolved": "https://registry.npmjs.org/@next/eslint-plugin-next-private/-/eslint-plugin-next-private-15.3.4.tgz",
      "integrity": "sha512-r7f6d4z5j4g9n2d6v8h5k8g5j3m9d4e5j8f3f8j9z3v6g8t3e3v4j9f2j8g2e9k6w4d5g3f6j4a7a==",
      "dev": true,
      "license": "MIT"
    },
    "node_modules/@nodelib/fs.scandir": {
      "version": "2.1.5",
      "resolved": "https://registry.npmjs.org/@nodelib/fs.scandir/-/fs.scandir-2.1.5.tgz",
      "integrity": "sha512-b2A8aA2j7scg+qse2/03h1MYro+8jsWBv2aI6eZdAq36d+2l8LDXUiQf6i4/mHwOBfT3DTN3/w3d662/iKx+OA==",
      "dev": true,
      "license": "MIT",
      "dependencies": {
        "@nodelib/fs.stat": "2.0.5",
        "run-parallel": "^1.2.0"
      },
      "engines": {
        "node": ">= 8"
      }
    },
    "node_modules/@nodelib/fs.stat": {
      "version": "2.0.5",
      "resolved": "https://registry.npmjs.org/@nodelib/fs.stat/-/fs.stat-2.0.5.tgz",
      "integrity": "sha512-3c3LeQ3mKpe3y+iG5g8C9v4SY4xY322bHo6f10u11Dho7SfP4vO0/7X3h8eIeAArifpC1dJ0gI4N0iG+0x8Q==",
      "dev": true,
      "license": "MIT",
      "engines": {
        "node": ">= 8"
      }
    },
    "node_modules/@nodelib/fs.walk": {
      "version": "1.2.8",
      "resolved": "https://registry.npmjs.org/@nodelib/fs.walk/-/fs.walk-1.2.8.tgz",
      "integrity": "sha512-dF37PVS3AigGv7eI9jG3mQp9+Egs274zo1S3s6T32e1l+gflIe9v8p2Fb25eI528JtB5jHD2UDfKCbA7bM2vA==",
      "dev": true,
      "license": "MIT",
      "dependencies": {
        "@nodelib/fs.scandir": "2.1.5",
        "fastq": "^1.6.0"
      },
      "engines": {
        "node": ">= 8"
      }
    },
    "node_modules/@tailwindcss/postcss": {
      "version": "4.0.0-alpha.16",
      "resolved": "https://registry.npmjs.org/@tailwindcss/postcss/-/postcss-4.0.0-alpha.16.tgz",
      "integrity": "sha512-Y3U+rGv0x4eJgL6G3Nf49tF2V/3Wqj2B7H21pG1A3YmC4lQd82G9yWd8fK3dF9I3W2+6w3k4g7f7g==",
      "dev": true,
      "license": "MIT",
      "dependencies": {
        "dlv": "^1.1.3",
        "lilconfig": "^3.0.0",
        "postcss": "^8.4.32",
        "postcss-import": "^16.0.0",
        "postcss-js": "^4.0.1",
        "postcss-load-config": "^5.0.3",
        "quick-lru": "^5.1.1"
      }
    },
    "node_modules/@tailwindcss/postcss/node_modules/quick-lru": {
      "version": "5.1.1",
      "resolved": "https://registry.npmjs.org/quick-lru/-/quick-lru-5.1.1.tgz",
      "integrity": "sha512-L82PA2W/e2lHmu3PZ1k1o1a2y22uI2q2sY2R2h1Ryy2i5iW75m35e236/y2dYc/I2yiv1vJ9t/aN2cKiI6lA==",
      "dev": true,
      "license": "MIT",
      "engines": {
        "node": ">=10"
      }
    },
    "node_modules/@types/body-parser": {
      "version": "1.19.5",
      "resolved": "https://registry.npmjs.org/@types/body-parser/-/body-parser-1.19.5.tgz",
      "integrity": "sha512-f265+3aD9+r59cRsh2I4EpW9MA2i3av43a29q20M3+6oOZL/i2w6hVwCVoBH4gMvXFhfgwJcs7Vvdtp6f+1/ZA==",
      "dev": true,
      "license": "MIT",
      "dependencies": {
        "@types/connect": "*",
        "@types/node": "*"
      }
    },
    "node_modules/@types/bonjour": {
      "version": "3.5.13",
      "resolved": "https://registry.npmjs.org/@types/bonjour/-/bonjour-3.5.13.tgz",
      "integrity": "sha512-j6YI3d2SkeBKnB3uU4w62PjAT0SAjO9b1G6JmHSwD31W+H1067AAygnW13pw6g5fD8W/K53m2ZtG3yRk9i2b5g==",
      "dev": true,
      "license": "MIT",
      "dependencies": {
        "@types/node": "*"
      }
    },
    "node_modules/@types/connect": {
      "version": "3.4.38",
      "resolved": "https://registry.npmjs.org/@types/connect/-/connect-3.4.38.tgz",
      "integrity": "sha512-K6uROf1LD81doy2QZ9egh223T10Xp0kL2c58HeA3cyo00Ga2Q2LUQ9V5ToO97D+sKnJ3b6s4rPY3V3vC/t1J3g==",
      "dev": true,
      "license": "MIT",
      "dependencies": {
        "@types/node": "*"
      }
    },
    "node_modules/@types/cookie": {
      "version": "0.6.0",
      "resolved": "https://registry.npmjs.org/@types/cookie/-/cookie-0.6.0.tgz",
      "integrity": "sha512-Rz64Dc1W0W+T+tJo20QRLGi/1t3l3aGLTVoxt4csun2nS8l32V1h1/4eG4K5/3O44TfA5t2jA/j2pB4sIq8q7A==",
      "dev": true,
      "license": "MIT"
    },
    "node_modules/@types/eslint": {
      "version": "8.56.12",
      "resolved": "https://registry.npmjs.org/@types/eslint/-/eslint-8.56.12.tgz",
      "integrity": "sha512-0u0OQf02p5J2UnA2uC0sVapGvEWB0nFzI6vNa+HyD+Im0c3iWFrbH9q1h17ACaHwU3WGlPj3mY3JcT5IudK/aA==",
      "dev": true,
      "license": "MIT",
      "dependencies": {
        "@types/estree": "*",
        "@types/json-schema": "*"
      }
    },
    "node_modules/@types/eslint-scope": {
      "version": "3.7.7",
      "resolved": "https://registry.npmjs.org/@types/eslint-scope/-/eslint-scope-3.7.7.tgz",
      "integrity": "sha512-xYaxrI+M22iSUJWFmG2UPyWsb3iRgtdsDUXJ4E2p2aI+wQ8t5rUj8V4g9r2k5I2A1Bwz5qGf91k/6o2x1+YPA==",
      "dev": true,
      "license": "MIT",
      "dependencies": {
        "@types/eslint": "*",
        "@types/estree": "*"
      }
    },
    "node_modules/@types/estree": {
      "version": "1.0.5",
      "resolved": "https://registry.npmjs.org/@types/estree/-/estree-1.0.5.tgz",
      "integrity": "sha512-dDqd0s4yDk6tGv1Vp4eM0K0ota+sYnyGvX4z77fP6BMrDAhS+32v4smxRfq0s8iHPlTC5UG1F2V33sD2W9W+vA==",
      "dev": true,
      "license": "MIT"
    },
    "node_modules/@types/glob": {
      "version": "8.1.0",
      "resolved": "https://registry.npmjs.org/@types/glob/-/glob-8.1.0.tgz",
      "integrity": "sha512-VhyH2cajB3mIe125m1gATHCE1sU2s22t22iLd+dM09kYlv4VyNfG5y1IBg3x1vDEDx7pZ+g8jC2S2I0O+h2EAQ==",
      "dev": true,
      "license": "MIT",
      "dependencies": {
        "@types/node": "*",
        "minimatch": "^3.1.1"
      }
    },
    "node_modules/@types/http-proxy": {
      "version": "1.17.14",
      "resolved": "https://registry.npmjs.org/@types/http-proxy/-/http-proxy-1.17.14.tgz",
      "integrity": "sha512-q5enCj3z/a67B/v2vN9vE8f6gUCwS5y5yLMYa2/A38x2VpHKljXw48zHJYd/aF5eG22pBDG3zAZv2pQ74yYdoA==",
      "dev": true,
      "license": "MIT",
      "dependencies": {
        "@types/node": "*"
      }
    },
    "node_modules/@types/json-schema": {
      "version": "7.0.15",
      "resolved": "https://registry.npmjs.org/@types/json-schema/-/json-schema-7.0.15.tgz",
      "integrity": "sha512-5+EPJ2G8LnH/H6pQJr3R0Mr43y9iZ+H+t8S7VTQ3B6wWFN1zt2L4qP4g1mNer2aT3yHh4/K3dsW3k/N/Sg8LPA==",
      "dev": true,
      "license": "MIT"
    },
    "node_modules/@types/node": {
      "version": "20.14.2",
      "resolved": "https://registry.npmjs.org/@types/node/-/node-20.14.2.tgz",
      "integrity": "sha512-Y3zY09N1yT2b20N7PjQWUNv1bWJd2Lw2j7cW6MNCi3Gv2LfY22b3sTNMjFvo7JTw1iG4rXv+1G5fCXTmbt89wQ==",
      "dev": true,
      "license": "MIT",
      "dependencies": {
        "undici-types": "~5.26.4"
      }
    },
    "node_modules/@types/react": {
      "version": "19.0.0-rc.0",
      "resolved": "https://registry.npmjs.org/@types/react/-/react-19.0.0-rc.0.tgz",
      "integrity": "sha512-D6D2AWTJ8caGvQ4578bKROasp0eLgkk4fqu3MquhQ1pgo3aTjVUS/bYS4lXq49+zBf1cyXvRk2kcv3wGqJ2oUA==",
      "dev": true,
      "license": "MIT",
      "dependencies": {
        "@types/prop-types": "*",
        "csstype": "^3.0.2"
      }
    },
    "node_modules/@types/react-dom": {
      "version": "19.0.0-rc.0",
      "resolved": "https://registry.npmjs.org/@types/react-dom/-/react-dom-19.0.0-rc.0.tgz",
      "integrity": "sha512-nLBEiT9oZ24Cg66bLpcUuPz0lWb6SAUu1L53XGv1sSxYb6vW/yA2pU9K1v2Lanz/2GvXOKyYv5WqS/3X4QzHow==",
      "dev": true,
      "license": "MIT",
      "dependencies": {
        "@types/react": "*"
      }
    },
    "node_modules/acorn": {
      "version": "8.12.1",
      "resolved": "https://registry.npmjs.org/acorn/-/acorn-8.12.1.tgz",
      "integrity": "sha512-d+nBvS2DbQ1bblyUI6GDUd0Q+bHHlHyj8Q1+zIuzrFd9M1H2iL+qL9xVf+c24YhTfP9n1H0h3rJKAj2HNF/sw==",
      "dev": true,
      "license": "MIT",
      "bin": {
        "acorn": "bin/acorn"
      },
      "engines": {
        "node": ">=0.4.0"
      }
    },
    "node_modules/acorn-jsx": {
      "version": "5.3.2",
      "resolved": "https://registry.npmjs.org/acorn-jsx/-/acorn-jsx-5.3.2.tgz",
      "integrity": "sha512-rq9s+JASXfCHgNqMrqHk6qve2cIq3w6So/2sgwAh/eE5hwzICvsYpP7/C7Cl2VvHI5+3xzEfs2H2TwKcg4y9+w==",
      "dev": true,
      "license": "MIT",
      "peerDependencies": {
        "acorn": "^6.0.0 || ^7.0.0 || ^8.0.0"
      }
    },
    "node_modules/ajv": {
      "version": "6.12.6",
      "resolved": "https://registry.npmjs.org/ajv/-/ajv-6.12.6.tgz",
      "integrity": "sha512-j3fVLgvTo527anyYyJOGTYJbG+vnnQYvE0m5mmkc1TK+nxAppkCLMIL0aZ4dblVCNoGShhm+kzE4ZUykBoMg4g==",
      "dev": true,
      "license": "MIT",
      "dependencies": {
        "fast-deep-equal": "^3.1.1",
        "fast-json-stable-stringify": "^2.0.0",
        "json-schema-traverse": "^0.4.1",
        "uri-js": "^4.2.2"
      },
      "funding": {
        "type": "github",
        "url": "https://github.com/sponsors/epoberezkin"
      }
    },
    "node_modules/ansi-regex": {
      "version": "5.0.1",
      "resolved": "https://registry.npmjs.org/ansi-regex/-/ansi-regex-5.0.1.tgz",
      "integrity": "sha512-quJQXlTSUGL2LH9SUXo8VwsY4soanhgo6LNSm84E1LBcE8s3O0wpdiRzyR9z/QrMvzOZH2YH8D7w232ziH3iqw==",
      "dev": true,
      "license": "MIT",
      "engines": {
        "node": ">=8"
      }
    },
    "node_modules/ansi-styles": {
      "version": "4.3.0",
      "resolved": "https://registry.npmjs.org/ansi-styles/-/ansi-styles-4.3.0.tgz",
      "integrity": "sha512-zbB9rCJAT1rbjiVDb2hqKFHNYLxgtk8NURxZ3IZwD3F6NtxbXZQCnnSi1Lkx+IDohdPlFp222wVALIheZJQSEg==",
      "dev": true,
      "license": "MIT",
      "dependencies": {
        "color-convert": "^2.0.1"
      },
      "engines": {
        "node": ">=8"
      },
      "funding": {
        "url": "https://github.com/chalk/ansi-styles?sponsor=1"
      }
    },
    "node_modules/arg": {
      "version": "4.1.3",
      "resolved": "https://registry.npmjs.org/arg/-/arg-4.1.3.tgz",
      "integrity": "sha512-58S9cXFFimAzte21jdEKAzWXAUFA5I2p023a3tWML1nhIsC/JTLpvpQ2pfMegO6v2zeCZvtjkPEeStq3_d4LSg==",
      "dev": true,
      "license": "MIT"
    },
    "node_modules/balanced-match": {
      "version": "1.0.2",
      "resolved": "https://registry.npmjs.org/balanced-match/-/balanced-match-1.0.2.tgz",
      "integrity": "sha512-3oSeUO0TMV67hN1AmbXsK4yaqU7tjiHlbxRDZOpH0KW9+CeX4bRAaX0Anxt0tx2b7rAEeJrRb6VenT3fgZQggQ==",
      "dev": true,
      "license": "MIT"
    },
    "node_modules/brace-expansion": {
      "version": "1.1.11",
      "resolved": "https://registry.npmjs.org/brace-expansion/-/brace-expansion-1.1.11.tgz",
      "integrity": "sha512-iCuPHDFgrHX7H2vEI/5xpz07zSHB00Tpugqoz68Mw7+o9HRTCuCCzLtOjpOBi5gEmdkL7HIgh3CqMdeocHG6Eg==",
      "dev": true,
      "license": "MIT",
      "dependencies": {
        "balanced-match": "^1.0.0",
        "concat-map": "0.0.1"
      }
    },
    "node_modules/braces": {
      "version": "3.0.3",
      "resolved": "https://registry.npmjs.org/braces/-/braces-3.0.3.tgz",
      "integrity": "sha512-yQbCVs4o2DC24QyS/1zK45s2QyAtwCC2ccifOFH2g5Xg3B/azA+FBd631TgRho5wV6G9j/1p7Y29N7vU5L7ayw==",
      "dev": true,
      "license": "MIT",
      "dependencies": {
        "fill-range": "^7.1.1"
      },
      "engines": {
        "node": ">=8"
      }
    },
    "node_modules/call-bind": {
      "version": "1.0.7",
      "resolved": "https://registry.npmjs.org/call-bind/-/call-bind-1.0.7.tgz",
      "integrity": "sha512-G3nB1G+I+l9S2iG+1a3TM2nBCPIs23LThTsdkteDz40zaf4e+c3/5+39f20o15/0WwFw92d+Vf/nG20H/H7pBw==",
      "license": "MIT",
      "dependencies": {
        "function-bind": "^1.1.2",
        "get-intrinsic": "^1.2.4",
        "set-function-length": "^1.2.2"
      },
      "funding": {
        "url": "https://github.com/sponsors/ljharb"
      }
    },
    "node_modules/chalk": {
      "version": "4.1.2",
      "resolved": "https://registry.npmjs.org/chalk/-/chalk-4.1.2.tgz",
      "integrity": "sha512-oKnbhFyRIXpUuez8iBMmyEa4nbj4IOQyuhc/wy9kY7/WVPcwIO9VA668P8fnssBodssFds4+4k1I9dOdK7l0EQ==",
      "dev": true,
      "license": "MIT",
      "dependencies": {
        "ansi-styles": "^4.1.0",
        "supports-color": "^7.1.0"
      },
      "engines": {
        "node": ">=10"
      },
      "funding": {
        "url": "https://github.com/chalk/chalk?sponsor=1"
      }
    },
    "node_modules/color-convert": {
      "version": "2.0.1",
      "resolved": "https://registry.npmjs.org/color-convert/-/color-convert-2.0.1.tgz",
      "integrity": "sha512-RRECP9CIalhnAC1IdbGLQXbCw8xrxIC+rWdOgrctNHW5vOhvGraWfnacc+ebGcEpfPensFh8VsKX+f+8kClGUQ==",
      "dev": true,
      "license": "MIT",
      "dependencies": {
        "color-name": "~1.1.4"
      },
      "engines": {
        "node": ">=7.0.0"
      }
    },
    "node_modules/color-name": {
      "version": "1.1.4",
      "resolved": "https://registry.npmjs.org/color-name/-/color-name-1.1.4.tgz",
      "integrity": "sha512-dOy+3AuW3a2wNbYHIuMZpTcgjGuLU/uBL/ubcZF9OXbDo8ff4O8yVp5Bf0efS8uEoYo5q4Fx7dY9OgQGXgAsQA==",
      "dev": true,
      "license": "MIT"
    },
    "node_modules/concat-map": {
      "version": "0.0.1",
      "resolved": "https://registry.npmjs.org/concat-map/-/concat-map-0.0.1.tgz",
      "integrity": "sha512-/SrvUpT5cbF1dJVl9oPLD82LKnEZ4tcknd+Qu2vLxoqaOdMsagklCEk+UTdJ3vcrgpzolwDmg1inZbA5O60Hlg==",
      "dev": true,
      "license": "MIT"
    },
    "node_modules/cross-spawn": {
      "version": "7.0.3",
      "resolved": "https://registry.npmjs.org/cross-spawn/-/cross-spawn-7.0.3.tgz",
      "integrity": "sha512-iRDPJKUPVEND7dHPO8rkbOnPpyDygcDFtWjpeWNCgy8WP2r7xGRd1vfgAJ0SVil7g/Y/2AlDLIiJH7Kav3G45Q==",
      "dev": true,
      "license": "MIT",
      "dependencies": {
        "path-key": "^3.1.0",
        "shebang-command": "^2.0.0",
        "which": "^2.0.1"
      },
      "engines": {
        "node": ">= 8"
      }
    },
    "node_modules/csstype": {
      "version": "3.1.3",
      "resolved": "https://registry.npmjs.org/csstype/-/csstype-3.1.3.tgz",
      "integrity": "sha512-M1uQkMl8r3FEjYMnSirG1NA3iFftE1gMrgnKcoZik+0di522NwD6QfpxI7D1lIq74ohs/1pPO30e0wJY+sS+2A==",
      "dev": true,
      "license": "MIT"
    },
    "node_modules/debug": {
      "version": "4.3.5",
      "resolved": "https://registry.npmjs.org/debug/-/debug-4.3.5.tgz",
      "integrity": "sha512-D22rNl31I/xmW5KVg6FF/24tP2i8eBTi33f9upwI513yT29t0D622Gb0uN6d2Hde5fMhplO1K2sO3KkXoAm4g==",
      "dev": true,
      "license": "MIT",
      "dependencies": {
        "ms": "2.1.2"
      },
      "engines": {
        "node": ">=6.0"
      },
      "peerDependenciesMeta": {
        "supports-color": {
          "optional": true
        }
      }
    },
    "node_modules/define-data-property": {
      "version": "1.1.4",
      "resolved": "https://registry.npmjs.org/define-data-property/-/define-data-property-1.1.4.tgz",
      "integrity": "sha512-rBM6tQDns+I9w4KIF8c2k5zJ/d3I/3Agyw9v2P9T/GQY2HBL5fOKYyAxpA1C2yO/D2i9sLpA+gR2NBnNq4p/gA==",
      "license": "MIT",
      "dependencies": {
        "get-intrinsic": "^1.2.4",
        "gopd": "^1.0.1",
        "has-property-descriptors": "^1.0.2"
      },
      "engines": {
        "node": ">= 0.4"
      }
    },
    "node_modules/didyoumean": {
      "version": "1.2.2",
      "resolved": "https://registry.npmjs.org/didyoumean/-/didyoumean-1.2.2.tgz",
      "integrity": "sha512-q+P963s2i+HNyOhqzBvfxwMPp2n7s2b5a3uJppU+D/YIJc+iAOKjI8eW+B0I2FmKw4E/y/4j33kI2i95Q3aew==",
      "dev": true,
      "license": "MIT"
    },
    "node_modules/dlv": {
      "version": "1.1.3",
      "resolved": "https://registry.npmjs.org/dlv/-/dlv-1.1.3.tgz",
      "integrity": "sha512-O6TIt32W3ilBe1Vv2Tog+1uO2Qj3nAU/R/Ie9rgzRfqP0T43/uI5I1o0nBF45KzQf8J1XHaVIQ24Lh+iJm3sgA==",
      "dev": true,
